
Microsoft Visual Studio Solution File, Format Version 12.00
# Visual Studio Version 16
VisualStudioVersion = 16.0.31613.86
MinimumVisualStudioVersion = 10.0.40219.1
Project("{FAE04EC0-301F-11D3-BF4B-00C04F79EFBC}") = "Xadrez", "Xadrez\Xadrez.csproj", "{CEC2D089-5A5E-434B-8176-864FEC3F44F3}"
EndProject
Global
	GlobalSection(SolutionConfigurationPlatforms) = preSolution
		Debug|Any CPU = Debug|Any CPU
		Release|Any CPU = Release|Any CPU
	EndGlobalSection
	GlobalSection(ProjectConfigurationPlatforms) = postSolution
		{CEC2D089-5A5E-434B-8176-864FEC3F44F3}.Debug|Any CPU.ActiveCfg = Debug|Any CPU
		{CEC2D089-5A5E-434B-8176-864FEC3F44F3}.Debug|Any CPU.Build.0 = Debug|Any CPU
		{CEC2D089-5A5E-434B-8176-864FEC3F44F3}.Release|Any CPU.ActiveCfg = Release|Any CPU
		{CEC2D089-5A5E-434B-8176-864FEC3F44F3}.Release|Any CPU.Build.0 = Release|Any CPU
	EndGlobalSection
	GlobalSection(SolutionProperties) = preSolution
		HideSolutionNode = FALSE
	EndGlobalSection
	GlobalSection(ExtensibilityGlobals) = postSolution
		SolutionGuid = {D6EE1417-C475-4A06-8DF3-2B1793C56E39}
	EndGlobalSection
EndGlobal
